payload:

  - "+.adsystem.com"
  - "+.adservice.google.com"
  - "+.doubleclick.net"
  - "+.googlesyndication.com"
  - "+.googleadservices.com"
  - "+.googletagmanager.com"
  - "+.googletagservices.com"
  - "+.google-analytics.com"
  - "+.analytics.google.com"
  - "+.gstaticads.com"
  - "+.ads-twitter.com"

  # === 国内广告平台 ===
  - "+.cnzz.com"
  - "+.umeng.com"
  - "+.umengcloud.com"
  - "+.umtrack.com"
  - "+.alicdn.com"
  - "+.tanx.com"
  - "+.alimama.com"

  # === 字节跳动广告 / 统计 ===
  - "+.bytedance.com"
  - "+.byteactivity.com"
  - "+.snssdk.com"
  - "+.ixigua.com"
  - "+.pangolin-snssdk.com"

  # === 腾讯广告 / 统计 ===
  - "+.tencentad.com"
  - "+.ad.qq.com"
  - "+.beacon.qq.com"
  - "+.mta.qq.com"

  # === 百度广告 / 推广 ===
  - "+.hm.baidu.com"
  - "+.cpro.baidu.com"
  - "+.union.baidu.com"
  - "+.baidustatic.com"

  # === 小米 / 华为 / 系统广告推送 ===
  - "+.ad.xiaomi.com"
  - "+.tracking.miui.com"
  - "+.push.hicloud.com"
  - "+.log.hicloud.com"

  # === 应用统计 / 行为采集 ===
  - "+.app-measurement.com"
  - "+.adjust.com"
  - "+.appsflyer.com"
  - "+.kochava.com"
  - "+.bugly.qq.com"
  - "+.sentry.io"

  # === 恶意跳转 / 站外推广 ===
  - "+.popads.net"
  - "+.admob.com"
  - "+.zedo.com"
  - "+.taboola.com"
  - "+.outbrain.com"

  # === 视频站点内嵌广告源 ===
  - "+.ads.youku.com"
  - "+.acjs.aliyun.com"
  - "+.atm.youku.com"


  # =========================
  #  IPv4 广告 / 统计 网络段
  # =========================
  - "IP-CIDR,172.217.0.0/16,no-resolve"        # Google Ads / GTag
  - "IP-CIDR,142.250.0.0/15,no-resolve"
  - "IP-CIDR,34.160.0.0/13,no-resolve"

  - "IP-CIDR,52.84.0.0/15,no-resolve"          # Amazon / Ad CDN
  - "IP-CIDR,54.192.0.0/16,no-resolve"

  - "IP-CIDR,203.205.0.0/16,no-resolve"        # Tencent Tracking
  - "IP-CIDR,119.147.0.0/16,no-resolve"

  - "IP-CIDR,36.155.0.0/16,no-resolve"         # Umeng / CNZZ
  - "IP-CIDR,47.246.0.0/16,no-resolve"


  # =========================
  #  IPv6 广告 / 统计 网络段
  # =========================
  - "IP-CIDR6,2404:6800::/32,no-resolve"       # Google Ads
  - "IP-CIDR6,2607:f8b0::/32,no-resolve"

  - "IP-CIDR6,2406:da14::/32,no-resolve"       # Alibaba / Umeng
  - "IP-CIDR6,2408:4003::/32,no-resolve"

  - "IP-CIDR6,240e:ff:f000::/36,no-resolve"    # Tencent Network
  - "IP-CIDR6,2402:4e00::/32,no-resolve"
